
Microsoft Visual Studio Solution File, Format Version 12.00
# Visual Studio Version 16
VisualStudioVersion = 16.0.32106.194
MinimumVisualStudioVersion = 10.0.40219.1
Project("{FAE04EC0-301F-11D3-BF4B-00C04F79EFBC}") = "ListDebuggerVisualizer", "ListDebuggerVisualizer\ListDebuggerVisualizer.csproj", "{30FFCE9A-443E-4C94-AD43-E1A71D792E1F}"
EndProject
Project("{9A19103F-16F7-4668-BE54-9A1E7A4F7556}") = "ListDebuggerVisualizer_Debugee", "ListDebuggerVisualizer_Debugee\ListDebuggerVisualizer_Debugee.csproj", "{401F7B45-7F32-493A-AC0E-DB7EF885BB5E}"
EndProject
Project("{9A19103F-16F7-4668-BE54-9A1E7A4F7556}") = "ListDebuggerVisualizer_Model", "ListDebuggerVisualizer_Model\ListDebuggerVisualizer_Model.csproj", "{395192E9-8E78-443A-9CE2-083464F40D12}"
EndProject
Project("{FAE04EC0-301F-11D3-BF4B-00C04F79EFBC}") = "ListDebuggerVisualizer_Tester", "ListDebuggerVisualizer_Tester\ListDebuggerVisualizer_Tester.csproj", "{98FAF695-7F9E-4BA1-B210-7FE9C7F00BE4}"
EndProject
Global
	GlobalSection(SolutionConfigurationPlatforms) = preSolution
		Debug|Any CPU = Debug|Any CPU
		Release|Any CPU = Release|Any CPU
	EndGlobalSection
	GlobalSection(ProjectConfigurationPlatforms) = postSolution
		{30FFCE9A-443E-4C94-AD43-E1A71D792E1F}.Debug|Any CPU.ActiveCfg = Debug|Any CPU
		{30FFCE9A-443E-4C94-AD43-E1A71D792E1F}.Debug|Any CPU.Build.0 = Debug|Any CPU
		{30FFCE9A-443E-4C94-AD43-E1A71D792E1F}.Release|Any CPU.ActiveCfg = Release|Any CPU
		{30FFCE9A-443E-4C94-AD43-E1A71D792E1F}.Release|Any CPU.Build.0 = Release|Any CPU
		{401F7B45-7F32-493A-AC0E-DB7EF885BB5E}.Debug|Any CPU.ActiveCfg = Debug|Any CPU
		{401F7B45-7F32-493A-AC0E-DB7EF885BB5E}.Debug|Any CPU.Build.0 = Debug|Any CPU
		{401F7B45-7F32-493A-AC0E-DB7EF885BB5E}.Release|Any CPU.ActiveCfg = Release|Any CPU
		{401F7B45-7F32-493A-AC0E-DB7EF885BB5E}.Release|Any CPU.Build.0 = Release|Any CPU
		{395192E9-8E78-443A-9CE2-083464F40D12}.Debug|Any CPU.ActiveCfg = Debug|Any CPU
		{395192E9-8E78-443A-9CE2-083464F40D12}.Debug|Any CPU.Build.0 = Debug|Any CPU
		{395192E9-8E78-443A-9CE2-083464F40D12}.Release|Any CPU.ActiveCfg = Release|Any CPU
		{395192E9-8E78-443A-9CE2-083464F40D12}.Release|Any CPU.Build.0 = Release|Any CPU
		{98FAF695-7F9E-4BA1-B210-7FE9C7F00BE4}.Debug|Any CPU.ActiveCfg = Debug|Any CPU
		{98FAF695-7F9E-4BA1-B210-7FE9C7F00BE4}.Debug|Any CPU.Build.0 = Debug|Any CPU
		{98FAF695-7F9E-4BA1-B210-7FE9C7F00BE4}.Release|Any CPU.ActiveCfg = Release|Any CPU
		{98FAF695-7F9E-4BA1-B210-7FE9C7F00BE4}.Release|Any CPU.Build.0 = Release|Any CPU
	EndGlobalSection
	GlobalSection(SolutionProperties) = preSolution
		HideSolutionNode = FALSE
	EndGlobalSection
	GlobalSection(ExtensibilityGlobals) = postSolution
		SolutionGuid = {481E8BA1-4C6B-454E-B578-EFDE5D0A7FC3}
	EndGlobalSection
EndGlobal
